// !$*UTF8*$!
{
	archiveVersion = 1;
	classes = {
	};
	objectVersion = 46;
	objects = {

/* Begin PBXBuildFile section */
		062AEEF618D79E3000A1A3C8 /* Foundation.framework in Frameworks */ = {isa = PBXBuildFile; fileRef = 062AEEF518D79E3000A1A3C8 /* Foundation.framework */; };
		062AEEF818D79E3000A1A3C8 /* CoreGraphics.framework in Frameworks */ = {isa = PBXBuildFile; fileRef = 062AEEF718D79E3000A1A3C8 /* CoreGraphics.framework */; };
		062AEEFA18D79E3000A1A3C8 /* UIKit.framework in Frameworks */ = {isa = PBXBuildFile; fileRef = 062AEEF918D79E3000A1A3C8 /* UIKit.framework */; };
		062AEF0018D79E3000A1A3C8 /* InfoPlist.strings in Resources */ = {isa = PBXBuildFile; fileRef = 062AEEFE18D79E3000A1A3C8 /* InfoPlist.strings */; };
		062AEF0218D79E3000A1A3C8 /* main.m in Sources */ = {isa = PBXBuildFile; fileRef = 062AEF0118D79E3000A1A3C8 /* main.m */; };
		062AEF0618D79E3000A1A3C8 /* APFAppDelegate.m in Sources */ = {isa = PBXBuildFile; fileRef = 062AEF0518D79E3000A1A3C8 /* APFAppDelegate.m */; };
		062AEF0818D79E3000A1A3C8 /* Images.xcassets in Resources */ = {isa = PBXBuildFile; fileRef = 062AEF0718D79E3000A1A3C8 /* Images.xcassets */; };
		062AEF0F18D79E3100A1A3C8 /* XCTest.framework in Frameworks */ = {isa = PBXBuildFile; fileRef = 062AEF0E18D79E3100A1A3C8 /* XCTest.framework */; };
		062AEF1018D79E3100A1A3C8 /* Foundation.framework in Frameworks */ = {isa = PBXBuildFile; fileRef = 062AEEF518D79E3000A1A3C8 /* Foundation.framework */; };
		062AEF1118D79E3100A1A3C8 /* UIKit.framework in Frameworks */ = {isa = PBXBuildFile; fileRef = 062AEEF918D79E3000A1A3C8 /* UIKit.framework */; };
		062AEF1918D79E3100A1A3C8 /* InfoPlist.strings in Resources */ = {isa = PBXBuildFile; fileRef = 062AEF1718D79E3100A1A3C8 /* InfoPlist.strings */; };
		062AEF1B18D79E3100A1A3C8 /* BlogReaderPlusTests.m in Sources */ = {isa = PBXBuildFile; fileRef = 062AEF1A18D79E3100A1A3C8 /* BlogReaderPlusTests.m */; };
/* End PBXBuildFile section */

/* Begin PBXContainerItemProxy section */
		062AEF1218D79E3100A1A3C8 /* PBXContainerItemProxy */ = {
			isa = PBXContainerItemProxy;
			containerPortal = 062AEEEA18D79E3000A1A3C8 /* Project object */;
			proxyType = 1;
			remoteGlobalIDString = 062AEEF118D79E3000A1A3C8;
			remoteInfo = BlogReaderPlus;
		};
/* End PBXContainerItemProxy section */

/* Begin PBXFileReference section */
		062AEEF218D79E3000A1A3C8 /* BlogReaderPlus.app */ = {isa = PBXFileReference; explicitFileType = wrapper.application; includeInIndex = 0; path = BlogReaderPlus.app; sourceTree = BUILT_PRODUCTS_DIR; };
		062AEEF518D79E3000A1A3C8 /* Foundation.framework */ = {isa = PBXFileReference; lastKnownFileType = wrapper.framework; name = Foundation.framework; path = System/Library/Frameworks/Foundation.framework; sourceTree = SDKROOT; };
		062AEEF718D79E3000A1A3C8 /* CoreGraphics.framework */ = {isa = PBXFileReference; lastKnownFileType = wrapper.framework; name = CoreGraphics.framework; path = System/Library/Frameworks/CoreGraphics.framework; sourceTree = SDKROOT; };
		062AEEF918D79E3000A1A3C8 /* UIKit.framework */ = {isa = PBXFileReference; lastKnownFileType = wrapper.framework; name = UIKit.framework; path = System/Library/Frameworks/UIKit.framework; sourceTree = SDKROOT; };
		062AEEFD18D79E3000A1A3C8 /* BlogReaderPlus-Info.plist */ = {isa = PBXFileReference; lastKnownFileType = text.plist.xml; path = "BlogReaderPlus-Info.plist"; sourceTree = "<group>"; };
		062AEEFF18D79E3000A1A3C8 /* en */ = {isa = PBXFileReference; lastKnownFileType = text.plist.strings; name = en; path = en.lproj/InfoPlist.strings; sourceTree = "<group>"; };
		062AEF0118D79E3000A1A3C8 /* main.m */ = {isa = PBXFileReference; lastKnownFileType = sourcecode.c.objc; path = main.m; sourceTree = "<group>"; };
		062AEF0318D79E3000A1A3C8 /* BlogReaderPlus-Prefix.pch */ = {isa = PBXFileReference; lastKnownFileType = sourcecode.c.h; path = "BlogReaderPlus-Prefix.pch"; sourceTree = "<group>"; };
		062AEF0418D79E3000A1A3C8 /* APFAppDelegate.h */ = {isa = PBXFileReference; lastKnownFileType = sourcecode.c.h; path = APFAppDelegate.h; sourceTree = "<group>"; };
		062AEF0518D79E3000A1A3C8 /* APFAppDelegate.m */ = {isa = PBXFileReference; lastKnownFileType = sourcecode.c.objc; path = APFAppDelegate.m; sourceTree = "<group>"; };
		062AEF0718D79E3000A1A3C8 /* Images.xcassets */ = {isa = PBXFileReference; lastKnownFileType = folder.assetcatalog; path = Images.xcassets; sourceTree = "<group>"; };
		062AEF0D18D79E3100A1A3C8 /* BlogReaderPlusTests.xctest */ = {isa = PBXFileReference; explicitFileType = wrapper.cfbundle; includeInIndex = 0; path = BlogReaderPlusTests.xctest; sourceTree = BUILT_PRODUCTS_DIR; };
		062AEF0E18D79E3100A1A3C8 /* XCTest.framework */ = {isa = PBXFileReference; lastKnownFileType = wrapper.framework; name = XCTest.framework; path = Library/Frameworks/XCTest.framework; sourceTree = DEVELOPER_DIR; };
		062AEF1618D79E3100A1A3C8 /* BlogReaderPlusTests-Info.plist */ = {isa = PBXFileReference; lastKnownFileType = text.plist.xml; path = "BlogReaderPlusTests-Info.plist"; sourceTree = "<group>"; };
		062AEF1818D79E3100A1A3C8 /* en */ = {isa = PBXFileReference; lastKnownFileType = text.plist.strings; name = en; path = en.lproj/InfoPlist.strings; sourceTree = "<group>"; };
		062AEF1A18D79E3100A1A3C8 /* BlogReaderPlusTests.m */ = {isa = PBXFileReference; lastKnownFileType = sourcecode.c.objc; path = BlogReaderPlusTests.m; sourceTree = "<group>"; };
/* End PBXFileReference section */

/* Begin PBXFrameworksBuildPhase section */
		062AEEEF18D79E3000A1A3C8 /* Frameworks */ = {
			isa = PBXFrameworksBuildPhase;
			buildActionMask = 2147483647;
			files = (
				062AEEF818D79E3000A1A3C8 /* CoreGraphics.framework in Frameworks */,
				062AEEFA18D79E3000A1A3C8 /* UIKit.framework in Frameworks */,
				062AEEF618D79E3000A1A3C8 /* Foundation.framework in Frameworks */,
			);
			runOnlyForDeploymentPostprocessing = 0;
		};
		062AEF0A18D79E3100A1A3C8 /* Frameworks */ = {
			isa = PBXFrameworksBuildPhase;
			buildActionMask = 2147483647;
			files = (
				062AEF0F18D79E3100A1A3C8 /* XCTest.framework in Frameworks */,
				062AEF1118D79E3100A1A3C8 /* UIKit.framework in Frameworks */,
				062AEF1018D79E3100A1A3C8 /* Foundation.framework in Frameworks */,
			);
			runOnlyForDeploymentPostprocessing = 0;
		};
/* End PBXFrameworksBuildPhase section */

/* Begin PBXGroup section */
		062AEEE918D79E3000A1A3C8 = {
			isa = PBXGroup;
			children = (
				062AEEFB18D79E3000A1A3C8 /* BlogReaderPlus */,
				062AEF1418D79E3100A1A3C8 /* BlogReaderPlusTests */,
				062AEEF418D79E3000A1A3C8 /* Frameworks */,
				062AEEF318D79E3000A1A3C8 /* Products */,
			);
			sourceTree = "<group>";
		};
		062AEEF318D79E3000A1A3C8 /* Products */ = {
			isa = PBXGroup;
			children = (
				062AEEF218D79E3000A1A3C8 /* BlogReaderPlus.app */,
				062AEF0D18D79E3100A1A3C8 /* BlogReaderPlusTests.xctest */,
			);
			name = Products;
			sourceTree = "<group>";
		};
		062AEEF418D79E3000A1A3C8 /* Frameworks */ = {
			isa = PBXGroup;
			children = (
				062AEEF518D79E3000A1A3C8 /* Foundation.framework */,
				062AEEF718D79E3000A1A3C8 /* CoreGraphics.framework */,
				062AEEF918D79E3000A1A3C8 /* UIKit.framework */,
				062AEF0E18D79E3100A1A3C8 /* XCTest.framework */,
			);
			name = Frameworks;
			sourceTree = "<group>";
		};
		062AEEFB18D79E3000A1A3C8 /* BlogReaderPlus */ = {
			isa = PBXGroup;
			children = (
				062AEF0418D79E3000A1A3C8 /* APFAppDelegate.h */,
				062AEF0518D79E3000A1A3C8 /* APFAppDelegate.m */,
				062AEF0718D79E3000A1A3C8 /* Images.xcassets */,
				062AEEFC18D79E3000A1A3C8 /* Supporting Files */,
			);
			path = BlogReaderPlus;
			sourceTree = "<group>";
		};
		062AEEFC18D79E3000A1A3C8 /* Supporting Files */ = {
			isa = PBXGroup;
			children = (
				062AEEFD18D79E3000A1A3C8 /* BlogReaderPlus-Info.plist */,
				062AEEFE18D79E3000A1A3C8 /* InfoPlist.strings */,
				062AEF0118D79E3000A1A3C8 /* main.m */,
				062AEF0318D79E3000A1A3C8 /* BlogReaderPlus-Prefix.pch */,
			);
			name = "Supporting Files";
			sourceTree = "<group>";
		};
		062AEF1418D79E3100A1A3C8 /* BlogReaderPlusTests */ = {
			isa = PBXGroup;
			children = (
				062AEF1A18D79E3100A1A3C8 /* BlogReaderPlusTests.m */,
				062AEF1518D79E3100A1A3C8 /* Supporting Files */,
			);
			path = BlogReaderPlusTests;
			sourceTree = "<group>";
		};
		062AEF1518D79E3100A1A3C8 /* Supporting Files */ = {
			isa = PBXGroup;
			children = (
				062AEF1618D79E3100A1A3C8 /* BlogReaderPlusTests-Info.plist */,
				062AEF1718D79E3100A1A3C8 /* InfoPlist.strings */,
			);
			name = "Supporting Files";
			sourceTree = "<group>";
		};
/* End PBXGroup section */

/* Begin PBXNativeTarget section */
		062AEEF118D79E3000A1A3C8 /* BlogReaderPlus */ = {
			isa = PBXNativeTarget;
			buildConfigurationList = 062AEF1E18D79E3100A1A3C8 /* Build configuration list for PBXNativeTarget "BlogReaderPlus" */;
			buildPhases = (
				062AEEEE18D79E3000A1A3C8 /* Sources */,
				062AEEEF18D79E3000A1A3C8 /* Frameworks */,
				062AEEF018D79E3000A1A3C8 /* Resources */,
			);
			buildRules = (
			);
			dependencies = (
			);
			name = BlogReaderPlus;
			productName = BlogReaderPlus;
			productReference = 062AEEF218D79E3000A1A3C8 /* BlogReaderPlus.app */;
			productType = "com.apple.product-type.application";
		};
		062AEF0C18D79E3100A1A3C8 /* BlogReaderPlusTests */ = {
			isa = PBXNativeTarget;
			buildConfigurationList = 062AEF2118D79E3100A1A3C8 /* Build configuration list for PBXNativeTarget "BlogReaderPlusTests" */;
			buildPhases = (
				062AEF0918D79E3100A1A3C8 /* Sources */,
				062AEF0A18D79E3100A1A3C8 /* Frameworks */,
				062AEF0B18D79E3100A1A3C8 /* Resources */,
			);
			buildRules = (
			);
			dependencies = (
				062AEF1318D79E3100A1A3C8 /* PBXTargetDependency */,
			);
			name = BlogReaderPlusTests;
			productName = BlogReaderPlusTests;
			productReference = 062AEF0D18D79E3100A1A3C8 /* BlogReaderPlusTests.xctest */;
			productType = "com.apple.product-type.bundle.unit-test";
		};
/* End PBXNativeTarget section */

/* Begin PBXProject section */
		062AEEEA18D79E3000A1A3C8 /* Project object */ = {
			isa = PBXProject;
			attributes = {
				CLASSPREFIX = APF;
				LastUpgradeCheck = 0510;
				ORGANIZATIONNAME = "Flack AP";
				TargetAttributes = {
					062AEF0C18D79E3100A1A3C8 = {
						TestTargetID = 062AEEF118D79E3000A1A3C8;
					};
				};
			};
			buildConfigurationList = 062AEEED18D79E3000A1A3C8 /* Build configuration list for PBXProject "BlogReaderPlus" */;
			compatibilityVersion = "Xcode 3.2";
			developmentRegion = English;
			hasScannedForEncodings = 0;
			knownRegions = (
				en,
			);
			mainGroup = 062AEEE918D79E3000A1A3C8;
			productRefGroup = 062AEEF318D79E3000A1A3C8 /* Products */;
			projectDirPath = "";
			projectRoot = "";
			targets = (
				062AEEF118D79E3000A1A3C8 /* BlogReaderPlus */,
				062AEF0C18D79E3100A1A3C8 /* BlogReaderPlusTests */,
			);
		};
/* End PBXProject section */

/* Begin PBXResourcesBuildPhase section */
		062AEEF018D79E3000A1A3C8 /* Resources */ = {
			isa = PBXResourcesBuildPhase;
			buildActionMask = 2147483647;
			files = (
				062AEF0018D79E3000A1A3C8 /* InfoPlist.strings in Resources */,
				062AEF0818D79E3000A1A3C8 /* Images.xcassets in Resources */,
			);
			runOnlyForDeploymentPostprocessing = 0;
		};
		062AEF0B18D79E3100A1A3C8 /* Resources */ = {
			isa = PBXResourcesBuildPhase;
			buildActionMask = 2147483647;
			files = (
				062AEF1918D79E3100A1A3C8 /* InfoPlist.strings in Resources */,
			);
			runOnlyForDeploymentPostprocessing = 0;
		};
/* End PBXResourcesBuildPhase section */

/* Begin PBXSourcesBuildPhase section */
		062AEEEE18D79E3000A1A3C8 /* Sources */ = {
			isa = PBXSourcesBuildPhase;
			buildActionMask = 2147483647;
			files = (
				062AEF0618D79E3000A1A3C8 /* APFAppDelegate.m in Sources */,
				062AEF0218D79E3000A1A3C8 /* main.m in Sources */,
			);
			runOnlyForDeploymentPostprocessing = 0;
		};
		062AEF0918D79E3100A1A3C8 /* Sources */ = {
			isa = PBXSourcesBuildPhase;
			buildActionMask = 2147483647;
			files = (
				062AEF1B18D79E3100A1A3C8 /* BlogReaderPlusTests.m in Sources */,
			);
			runOnlyForDeploymentPostprocessing = 0;
		};
/* End PBXSourcesBuildPhase section */

/* Begin PBXTargetDependency section */
		062AEF1318D79E3100A1A3C8 /* PBXTargetDependency */ = {
			isa = PBXTargetDependency;
			target = 062AEEF118D79E3000A1A3C8 /* BlogReaderPlus */;
			targetProxy = 062AEF1218D79E3100A1A3C8 /* PBXContainerItemProxy */;
		};
/* End PBXTargetDependency section */

/* Begin PBXVariantGroup section */
		062AEEFE18D79E3000A1A3C8 /* InfoPlist.strings */ = {
			isa = PBXVariantGroup;
			children = (
				062AEEFF18D79E3000A1A3C8 /* en */,
			);
			name = InfoPlist.strings;
			sourceTree = "<group>";
		};
		062AEF1718D79E3100A1A3C8 /* InfoPlist.strings */ = {
			isa = PBXVariantGroup;
			children = (
				062AEF1818D79E3100A1A3C8 /* en */,
			);
			name = InfoPlist.strings;
			sourceTree = "<group>";
		};
/* End PBXVariantGroup section */

/* Begin XCBuildConfiguration section */
		062AEF1C18D79E3100A1A3C8 /* Debug */ = {
			isa = XCBuildConfiguration;
			buildSettings = {
				ALWAYS_SEARCH_USER_PATHS = NO;
				CLANG_CXX_LANGUAGE_STANDARD = "gnu++0x";
				CLANG_CXX_LIBRARY = "libc++";
				CLANG_ENABLE_MODULES = YES;
				CLANG_ENABLE_OBJC_ARC = YES;
				CLANG_WARN_BOOL_CONVERSION = YES;
				CLANG_WARN_CONSTANT_CONVERSION = YES;
				CLANG_WARN_DIRECT_OBJC_ISA_USAGE = YES_ERROR;
				CLANG_WARN_EMPTY_BODY = YES;
				CLANG_WARN_ENUM_CONVERSION = YES;
				CLANG_WARN_INT_CONVERSION = YES;
				CLANG_WARN_OBJC_ROOT_CLASS = YES_ERROR;
				CLANG_WARN__DUPLICATE_METHOD_MATCH = YES;
				"CODE_SIGN_IDENTITY[sdk=iphoneos*]" = "iPhone Developer";
				COPY_PHASE_STRIP = NO;
				GCC_C_LANGUAGE_STANDARD = gnu99;
				GCC_DYNAMIC_NO_PIC = NO;
				GCC_OPTIMIZATION_LEVEL = 0;
				GCC_PREPROCESSOR_DEFINITIONS = (
					"DEBUG=1",
					"$(inherited)",
				);
				GCC_SYMBOLS_PRIVATE_EXTERN = NO;
				GCC_WARN_64_TO_32_BIT_CONVERSION = YES;
				GCC_WARN_ABOUT_RETURN_TYPE = YES_ERROR;
				GCC_WARN_UNDECLARED_SELECTOR = YES;
				GCC_WARN_UNINITIALIZED_AUTOS = YES_AGGRESSIVE;
				GCC_WARN_UNUSED_FUNCTION = YES;
				GCC_WARN_UNUSED_VARIABLE = YES;
				IPHONEOS_DEPLOYMENT_TARGET = 7.1;
				ONLY_ACTIVE_ARCH = YES;
				SDKROOT = iphoneos;
			};
			name = Debug;
		};
		062AEF1D18D79E3100A1A3C8 /* Release */ = {
			isa = XCBuildConfiguration;
			buildSettings = {
				ALWAYS_SEARCH_USER_PATHS = NO;
				CLANG_CXX_LANGUAGE_STANDARD = "gnu++0x";
				CLANG_CXX_LIBRARY = "libc++";
				CLANG_ENABLE_MODULES = YES;
				CLANG_ENABLE_OBJC_ARC = YES;
				CLANG_WARN_BOOL_CONVERSION = YES;
				CLANG_WARN_CONSTANT_CONVERSION = YES;
				CLANG_WARN_DIRECT_OBJC_ISA_USAGE = YES_ERROR;
				CLANG_WARN_EMPTY_BODY = YES;
				CLANG_WARN_ENUM_CONVERSION = YES;
				CLANG_WARN_INT_CONVERSION = YES;
				CLANG_WARN_OBJC_ROOT_CLASS = YES_ERROR;
				CLANG_WARN__DUPLICATE_METHOD_MATCH = YES;
				"CODE_SIGN_IDENTITY[sdk=iphoneos*]" = "iPhone Developer";
				COPY_PHASE_STRIP = YES;
				ENABLE_NS_ASSERTIONS = NO;
				GCC_C_LANGUAGE_STANDARD = gnu99;
				GCC_WARN_64_TO_32_BIT_CONVERSION = YES;
				GCC_WARN_ABOUT_RETURN_TYPE = YES_ERROR;
				GCC_WARN_UNDECLARED_SELECTOR = YES;
				GCC_WARN_UNINITIALIZED_AUTOS = YES_AGGRESSIVE;
				GCC_WARN_UNUSED_FUNCTION = YES;
				GCC_WARN_UNUSED_VARIABLE = YES;
				IPHONEOS_DEPLOYMENT_TARGET = 7.1;
				SDKROOT = iphoneos;
				VALIDATE_PRODUCT = YES;
			};
			name = Release;
		};
		062AEF1F18D79E3100A1A3C8 /* Debug */ = {
			isa = XCBuildConfiguration;
			buildSettings = {
				ASSETCATALOG_COMPILER_APPICON_NAME = AppIcon;
				ASSETCATALOG_COMPILER_LAUNCHIMAGE_NAME = LaunchImage;
				GCC_PRECOMPILE_PREFIX_HEADER = YES;
				GCC_PREFIX_HEADER = "BlogReaderPlus/BlogReaderPlus-Prefix.pch";
				INFOPLIST_FILE = "BlogReaderPlus/BlogReaderPlus-Info.plist";
				PRODUCT_NAME = "$(TARGET_NAME)";
				WRAPPER_EXTENSION = app;
			};
			name = Debug;
		};
		062AEF2018D79E3100A1A3C8 /* Release */ = {
			isa = XCBuildConfiguration;
			buildSettings = {
				ASSETCATALOG_COMPILER_APPICON_NAME = AppIcon;
				ASSETCATALOG_COMPILER_LAUNCHIMAGE_NAME = LaunchImage;
				GCC_PRECOMPILE_PREFIX_HEADER = YES;
				GCC_PREFIX_HEADER = "BlogReaderPlus/BlogReaderPlus-Prefix.pch";
				INFOPLIST_FILE = "BlogReaderPlus/BlogReaderPlus-Info.plist";
				PRODUCT_NAME = "$(TARGET_NAME)";
				WRAPPER_EXTENSION = app;
			};
			name = Release;
		};
		062AEF2218D79E3100A1A3C8 /* Debug */ = {
			isa = XCBuildConfiguration;
			buildSettings = {
				BUNDLE_LOADER = "$(BUILT_PRODUCTS_DIR)/BlogReaderPlus.app/BlogReaderPlus";
				FRAMEWORK_SEARCH_PATHS = (
					"$(SDKROOT)/Developer/Library/Frameworks",
					"$(inherited)",
					"$(DEVELOPER_FRAMEWORKS_DIR)",
				);
				GCC_PRECOMPILE_PREFIX_HEADER = YES;
				GCC_PREFIX_HEADER = "BlogReaderPlus/BlogReaderPlus-Prefix.pch";
				GCC_PREPROCESSOR_DEFINITIONS = (
					"DEBUG=1",
					"$(inherited)",
				);
				INFOPLIST_FILE = "BlogReaderPlusTests/BlogReaderPlusTests-Info.plist";
				PRODUCT_NAME = "$(TARGET_NAME)";
				TEST_HOST = "$(BUNDLE_LOADER)";
				WRAPPER_EXTENSION = xctest;
			};
			name = Debug;
		};
		062AEF2318D79E3100A1A3C8 /* Release */ = {
			isa = XCBuildConfiguration;
			buildSettings = {
				BUNDLE_LOADER = "$(BUILT_PRODUCTS_DIR)/BlogReaderPlus.app/BlogReaderPlus";
				FRAMEWORK_SEARCH_PATHS = (
					"$(SDKROOT)/Developer/Library/Frameworks",
					"$(inherited)",
					"$(DEVELOPER_FRAMEWORKS_DIR)",
				);
				GCC_PRECOMPILE_PREFIX_HEADER = YES;
				GCC_PREFIX_HEADER = "BlogReaderPlus/BlogReaderPlus-Prefix.pch";
				INFOPLIST_FILE = "BlogReaderPlusTests/BlogReaderPlusTests-Info.plist";
				PRODUCT_NAME = "$(TARGET_NAME)";
				TEST_HOST = "$(BUNDLE_LOADER)";
				WRAPPER_EXTENSION = xctest;
			};
			name = Release;
		};
/* End XCBuildConfiguration section */

/* Begin XCConfigurationList section */
		062AEEED18D79E3000A1A3C8 /* Build configuration list for PBXProject "BlogReaderPlus" */ = {
			isa = XCConfigurationList;
			buildConfigurations = (
				062AEF1C18D79E3100A1A3C8 /* Debug */,
				062AEF1D18D79E3100A1A3C8 /* Release */,
			);
			defaultConfigurationIsVisible = 0;
			defaultConfigurationName = Release;
		};
		062AEF1E18D79E3100A1A3C8 /* Build configuration list for PBXNativeTarget "BlogReaderPlus" */ = {
			isa = XCConfigurationList;
			buildConfigurations = (
				062AEF1F18D79E3100A1A3C8 /* Debug */,
				062AEF2018D79E3100A1A3C8 /* Release */,
			);
			defaultConfigurationIsVisible = 0;
		};
		062AEF2118D79E3100A1A3C8 /* Build configuration list for PBXNativeTarget "BlogReaderPlusTests" */ = {
			isa = XCConfigurationList;
			buildConfigurations = (
				062AEF2218D79E3100A1A3C8 /* Debug */,
				062AEF2318D79E3100A1A3C8 /* Release */,
			);
			defaultConfigurationIsVisible = 0;
		};
/* End XCConfigurationList section */
	};
	rootObject = 062AEEEA18D79E3000A1A3C8 /* Project object */;
}
